version = 1
revision = 3
requires-python = ">=3.14"

[options]
exclude-newer = "0001-01-01T00:00:00Z" # This has no effect and is included for backwards compatibility when using relative exclude-newer values.
exclude-newer-span = "P21D"

[[package]]
name = "aiofiles"
version = "25.1.0"
source = { registry = "https://pypi.org/simple" }
sdist = { url = "https://files.pythonhosted.org/packages/41/c3/534eac40372d8ee36ef40df62ec129bee4fdb5ad9706e58a29be53b2c970/aiofiles-25.1.0.tar.gz", hash = "sha256:a8d728f0a29de45dc521f18f07297428d56992a742f0cd2701ba86e44d23d5b2", size = 46354, upload-time = "2025-10-09T20:51:04.358Z" }
wheels = [
    { url = "https://files.pythonhosted.org/packages/bc/8a/340a1555ae33d7354dbca4faa54948d76d89a27ceef032c8c3bc661d003e/aiofiles-25.1.0-py3-none-any.whl", hash = "sha256:abe311e527c862958650f9438e859c1fa7568a141b22abcd015e120e86a85695", size = 14668, upload-time = "2025-10-09T20:51:03.174Z" },
]

[[package]]
name = "anyio"
version = "4.14.2"
source = { registry = "https://pypi.org/simple" }
dependencies = [
    { name = "idna" },
]
sdist = { url = "https://files.pythonhosted.org/packages/61/cc/a381afa6efea9f496eff839d4a6a1aed3bfafc7b3ab4b0d1b243a12573dd/anyio-4.14.2.tar.gz", hash = "sha256:cfa139f3ed1a23ee8f88a145ddb5ac7605b8bbfd8592baacd7ce3d8bb4313c7f", size = 260176, upload-time = "2026-07-12T20:29:07.082Z" }
wheels = [
    { url = "https://files.pythonhosted.org/packages/da/35/f2287558c17e29fafc8ef3daf819bb9834061cfa43bff8014f7df7f63bdc/anyio-4.14.2-py3-none-any.whl", hash = "sha256:9f505dda5ac9f0c8309b5e8bd445a8c2bf7246f3ce950121e45ea15bc41d1494", size = 125813, upload-time = "2026-07-12T20:29:05.763Z" },
]

[[package]]
name = "certifi"
version = "2026.6.17"
source = { registry = "https://pypi.org/simple" }
sdist = { url = "https://files.pythonhosted.org/packages/c9/c7/424b75da314c1045981bd9777432fad05a9e0c69daa4ed7e308bbaffe405/certifi-2026.6.17.tar.gz", hash = "sha256:024c88eeec92ca068db80f02b8b07c9cef7b9fe261d1d535abfd5abd6f6af432", size = 134594, upload-time = "2026-06-17T10:31:07.894Z" }
wheels = [
    { url = "https://files.pythonhosted.org/packages/ef/2f/c5464532e965badff2f4c4c1a3a83f5697f0d7c407ed0cda44aaa99bb451/certifi-2026.6.17-py3-none-any.whl", hash = "sha256:2227dcbaafe0d2f59279d1762ddddc37783ed4354594f194ffc31d20f41fc3db", size = 133289, upload-time = "2026-06-17T10:31:06.348Z" },
]

[[package]]
name = "charset-normalizer"
version = "3.4.9"
source = { registry = "https://pypi.org/simple" }
sdist = { url = "https://files.pythonhosted.org/packages/bd/2a/23f34ec9d04624958e137efdc394888716353190e75f25dd22c7a2c7a8aa/charset_normalizer-3.4.9.tar.gz", hash = "sha256:673611bbd43f0810bec0b0f028ddeaaa501190339cac411f347ac76917c3ae7b", size = 152439, upload-time = "2026-07-07T14:34:58.454Z" }
wheels = [
    { url = "https://files.pythonhosted.org/packages/7e/8d/496817fa0944239ecae662dd57ea765cfeaec6a735f9f025d4b7b72e7143/charset_normalizer-3.4.9-cp314-cp314-macosx_10_15_universal2.whl", hash = "sha256:0327fcd59a935777d83410750c50600ee9571af2846f71ce40f25b13da1ef380", size = 317253, upload-time = "2026-07-07T14:33:54.994Z" },
    { url = "https://files.pythonhosted.org/packages/2b/f9/ef4a69ea338ad3c0deceea0f5f7d2380ae8b52132b06d652cb0d2cd86706/charset_normalizer-3.4.9-cp314-cp314-manylinux2014_aarch64.manylinux_2_17_aarch64.manylinux_2_28_aarch64.whl", hash = "sha256:8a79d9f4d8001473a30c163556b3c3bfebec837495a412dde78b51672f6134f9", size = 215898, upload-time = "2026-07-07T14:33:56.334Z" },
    { url = "https://files.pythonhosted.org/packages/8c/e7/5ddfd76fc061eb52de219658a4aa431cbacadf0a0219c8854f00da50d289/charset_normalizer-3.4.9-cp314-cp314-manylinux2014_ppc64le.manylinux_2_17_ppc64le.manylinux_2_28_ppc64le.whl", hash = "sha256:33bdcc2a32c0a0e861f60841a512c8acc658c87c2ac59d89e3a46dacf7d866e4", size = 236718, upload-time = "2026-07-07T14:33:57.9Z" },
    { url = "https://files.pythonhosted.org/packages/49/ba/768fa3f36048d81c477a0ce61f813bc1454d80917ccfe550abd9f44f5e24/charset_normalizer-3.4.9-cp314-cp314-manylinux2014_s390x.manylinux_2_17_s390x.manylinux_2_28_s390x.whl", hash = "sha256:f840ed6d8ecba8255df8c42b87fadeda98ddfc6eeec05e2dc66e26d46dd6f58a", size = 232519, upload-time = "2026-07-07T14:33:59.811Z" },
    { url = "https://files.pythonhosted.org/packages/f4/c4/b3e049d2aa3766180c78507110543d9d50894cc97f57de543f1be521dcdc/charset_normalizer-3.4.9-cp314-cp314-manylinux2014_x86_64.manylinux_2_17_x86_64.manylinux_2_28_x86_64.whl", hash = "sha256:c25fe15c70c59eb7c5ce8c06a1f3fa1da0ecc5ea1e7a5922c40fd2fa9b0d5046", size = 223143, upload-time = "2026-07-07T14:34:01.517Z" },
    { url = "https://files.pythonhosted.org/packages/19/79/55c32d06d76ae4feafe053f061f3e3ab70bcf19f4007797ce8c3efda7830/charset_normalizer-3.4.9-cp314-cp314-manylinux_2_31_armv7l.whl", hash = "sha256:f7fb7d750cfa0a070d2c24e831fd3481019a60dd317ea2b39acbcebc08b6ed81", size = 206742, upload-time = "2026-07-07T14:34:03.04Z" },
    { url = "https://files.pythonhosted.org/packages/10/e0/47c079dd82d217c807479cd59ffd30af56307ea31c108b75758970459ad3/charset_normalizer-3.4.9-cp314-cp314-manylinux_2_31_riscv64.manylinux_2_39_riscv64.whl", hash = "sha256:4d1c96a7a18b9690a4d46df09e3e3382406ae3213727cd1019ebade1c4a81917", size = 219191, upload-time = "2026-07-07T14:34:04.657Z" },
    { url = "https://files.pythonhosted.org/packages/42/ab/b9bc2e77d6b44a7e46ef62ec5cac1c9a6ba7b9135a5d560f002696ec9995/charset_normalizer-3.4.9-cp314-cp314-musllinux_1_2_aarch64.whl", hash = "sha256:a4cfde78a9f2880208d16a93b795726a3017d5977e08d1e162a7a31322479c41", size = 218328, upload-time = "2026-07-07T14:34:06.115Z" },
    { url = "https://files.pythonhosted.org/packages/f1/78/c9c71d599f5aa2d42bcdd35cbbd46d7f535351a57e40ff7d8e5a7e219401/charset_normalizer-3.4.9-cp314-cp314-musllinux_1_2_armv7l.whl", hash = "sha256:d4d6fcde76f94f5cb9e43e9e9a61f16dacefd228cbbf6f1a09bd9b219a92f1a1", size = 207406, upload-time = "2026-07-07T14:34:07.554Z" },
    { url = "https://files.pythonhosted.org/packages/f6/39/c914445c321a845097ce4f6ac7de9a18228a77b766272125a1ce00d851eb/charset_normalizer-3.4.9-cp314-cp314-musllinux_1_2_x86_64.whl", hash = "sha256:898f0e9068ca27d37f8e83a5b962821df851532e6c4a7d615c1c033f9da6eedf", size = 225157, upload-time = "2026-07-07T14:34:09.061Z" },
    { url = "https://files.pythonhosted.org/packages/9b/f2/c0d4b8508565a36bc5c624e88ed297f5b0b1095011034d7f5b83a69908b5/charset_normalizer-3.4.9-cp314-cp314-win32.whl", hash = "sha256:c1c948747b03be832dceed96ca815cef7360de9aa19d37c730f8e3f6101aca48", size = 151095, upload-time = "2026-07-07T14:34:10.901Z" },
    { url = "https://files.pythonhosted.org/packages/49/fd/a1d26144398c67486422a72bf5812cda22cb4ccfcd95a290fb41ceb4b8e2/charset_normalizer-3.4.9-cp314-cp314-win_amd64.whl", hash = "sha256:16b65ea0f2465b6fb52aa22de5eca612aa964ddfec00a912e26f4656cbef890b", size = 162796, upload-time = "2026-07-07T14:34:12.47Z" },
    { url = "https://files.pythonhosted.org/packages/20/95/d75e82f8ce9fd323ebf059c16c9aadefb22a1ecde13b7840b35835e4886c/charset_normalizer-3.4.9-cp314-cp314-win_arm64.whl", hash = "sha256:40a126142a56b2dfc0aacbad1de8310cbf60da7656db0e6b16eebd48e3e93519", size = 153334, upload-time = "2026-07-07T14:34:14.044Z" },
    { url = "https://files.pythonhosted.org/packages/00/5e/17398df3a139985ba9d11ed072531986f408c8fca952835ef1ab1820c02b/charset_normalizer-3.4.9-cp314-cp314t-macosx_10_15_universal2.whl", hash = "sha256:609b3ba8fcc0fb5ab7af00719d0fb6ad0cb518e48e7712d12fd68f1327951198", size = 338848, upload-time = "2026-07-07T14:34:15.688Z" },
    { url = "https://files.pythonhosted.org/packages/cd/91/7253a32e86b7e1d1239b1b36ba6dd0f021a21107ab33054b53119cc083b9/charset_normalizer-3.4.9-cp314-cp314t-manylinux2014_aarch64.manylinux_2_17_aarch64.manylinux_2_28_aarch64.whl", hash = "sha256:51447e9aa2684679af07ca5021c3db526e0284347ebf4ffcec1154c3350cfe32", size = 223022, upload-time = "2026-07-07T14:34:17.248Z" },
    { url = "https://files.pythonhosted.org/packages/cb/32/2e64bd2be10e89c61e57ebe6a93fd98ae88eb7ebe414b5121f22c96c69eb/charset_normalizer-3.4.9-cp314-cp314t-manylinux2014_ppc64le.manylinux_2_17_ppc64le.manylinux_2_28_ppc64le.whl", hash = "sha256:cc1b0fff8ead343dae06305f954eb8468ba0ec1a97881f42489d198e4ce3c632", size = 241590, upload-time = "2026-07-07T14:34:18.813Z" },
    { url = "https://files.pythonhosted.org/packages/3d/ef/d96ec496cfea0c21db43b0ad03891308b02388d054cc902cf0e5a1ad6a88/charset_normalizer-3.4.9-cp314-cp314t-manylinux2014_s390x.manylinux_2_17_s390x.manylinux_2_28_s390x.whl", hash = "sha256:fa36ec09ef71d158186bc79e359ff5fdd6e7996fe8ab638f00d6b93139ba4fcf", size = 239584, upload-time = "2026-07-07T14:34:20.52Z" },
    { url = "https://files.pythonhosted.org/packages/d4/ce/9af95f7876194bd7a14e3dfe4a4de2e0bff02666a3910d72beafd06cc297/charset_normalizer-3.4.9-cp314-cp314t-manylinux2014_x86_64.manylinux_2_17_x86_64.manylinux_2_28_x86_64.whl", hash = "sha256:df115d4d83168fdf2cae48ef1ff6d1cb4c466364e30861b37121de0f3bf1b990", size = 230224, upload-time = "2026-07-07T14:34:22.189Z" },
    { url = "https://files.pythonhosted.org/packages/52/94/af74dde74a3996bd959c350709bfe50e297823d70a8c1cbd54b838880863/charset_normalizer-3.4.9-cp314-cp314t-manylinux_2_31_armv7l.whl", hash = "sha256:f86c6358749bd4fda175388691e3ba8c46e24c5347d0afd20f9b7edfc9faf07d", size = 212667, upload-time = "2026-07-07T14:34:23.857Z" },
    { url = "https://files.pythonhosted.org/packages/ee/f0/f1c4fe746c395922961b5916ed1d7d6e7d4c84851d19ed43cc89980ec953/charset_normalizer-3.4.9-cp314-cp314t-manylinux_2_31_riscv64.manylinux_2_39_riscv64.whl", hash = "sha256:32286a2c8d167e897177b673176c1e3e00d4057caf5d2b64eef9a3666b03018e", size = 227179, upload-time = "2026-07-07T14:34:25.586Z" },
    { url = "https://files.pythonhosted.org/packages/e4/56/6c745619ac397e8871e2bcd3cea1eec86b877488f33888b3aef5c3ed506e/charset_normalizer-3.4.9-cp314-cp314t-musllinux_1_2_aarch64.whl", hash = "sha256:83aed2c10721ddd90f68140685391b50811a880af20654c59af6b6c66c40513c", size = 225372, upload-time = "2026-07-07T14:34:27.212Z" },
    { url = "https://files.pythonhosted.org/packages/78/ad/98aae8630ac71f16711968e38a5acfecce41b778bf2f0312851020f565a8/charset_normalizer-3.4.9-cp314-cp314t-musllinux_1_2_armv7l.whl", hash = "sha256:cd6c3d4b783c556fa00bf540854e42f135e2f256abd29669fcd0da0f2dec79c2", size = 215222, upload-time = "2026-07-07T14:34:28.774Z" },
    { url = "https://files.pythonhosted.org/packages/f7/40/9593d54209765207a7f11073c06494c1721e4ca4a0a426c597679bf7f91e/charset_normalizer-3.4.9-cp314-cp314t-musllinux_1_2_x86_64.whl", hash = "sha256:ee2f2a527e3c1a6e6411eb4209642e138b544a2d72fe5d0d76daf77b24063534", size = 231958, upload-time = "2026-07-07T14:34:30.345Z" },
    { url = "https://files.pythonhosted.org/packages/b1/27/693ee5e8a18191eb38647360c51cd505013e2bd3b366aa43fd5344c21e3c/charset_normalizer-3.4.9-cp314-cp314t-win32.whl", hash = "sha256:0d861473f743244d349b50f850d10eb87aeb22bbdcc8e64f79273c94af5a8226", size = 155580, upload-time = "2026-07-07T14:34:31.884Z" },
    { url = "https://files.pythonhosted.org/packages/80/3f/bd97d3d9c613013d07cb7733d299385b41df37f0471310f5a73dc359f0b8/charset_normalizer-3.4.9-cp314-cp314t-win_amd64.whl", hash = "sha256:9b8e0f3107e2200b76f6054de99016eac3ee6762713587b36baaa7e4bd2ae177", size = 167620, upload-time = "2026-07-07T14:34:33.438Z" },
    { url = "https://files.pythonhosted.org/packages/3d/c6/eee9dca4439b1061f76373f06ea855678cc4a64c1c3c90b50e479edbb8eb/charset_normalizer-3.4.9-cp314-cp314t-win_arm64.whl", hash = "sha256:19ac87f93086ce37b86e098888555c4b4bc48102279bae3350098c0ed664b501", size = 158037, upload-time = "2026-07-07T14:34:35.018Z" },
    { url = "https://files.pythonhosted.org/packages/98/2b/f97f1c193fb855c345d678f5077d6926034db0722df74c8f057020e05a25/charset_normalizer-3.4.9-py3-none-any.whl", hash = "sha256:68e5f26a1ad57ded6d1cfb85331d1c1a195314756471d97758c48498bb4dcdf5", size = 64538, upload-time = "2026-07-07T14:34:56.993Z" },
]

[[package]]
name = "colorama"
version = "0.4.6"
source = { registry = "https://pypi.org/simple" }
sdist = { url = "https://files.pythonhosted.org/packages/d8/53/6f443c9a4a8358a93a6792e2acffb9d9d5cb0a5cfd8802644b7b1c9a02e4/colorama-0.4.6.tar.gz", hash = "sha256:08695f5cb7ed6e0531a20572697297273c47b8cae5a63ffc6d6ed5c201be6e44", size = 27697, upload-time = "2022-10-25T02:36:22.414Z" }
wheels = [
    { url = "https://files.pythonhosted.org/packages/d1/d6/3965ed04c63042e047cb6a3e6ed1a63a35087b6a609aa3a15ed8ac56c221/colorama-0.4.6-py2.py3-none-any.whl", hash = "sha256:4f1d9991f5acc0ca119f9d443620b77f9d6b33703e51011c16baf57afb285fc6", size = 25335, upload-time = "2022-10-25T02:36:20.889Z" },
]

[[package]]
name = "filelock"
version = "3.29.7"
source = { registry = "https://pypi.org/simple" }
sdist = { url = "https://files.pythonhosted.org/packages/35/94/00f2059e4835eace3ae8fde680b932c496f8ec7bdc99168dfa53fb2e6b79/filelock-3.29.7.tar.gz", hash = "sha256:5b481979797ae69e72f0b389d89a80bdd585c260c5b3f1fb9c0a5ba9bb3f195d", size = 71521, upload-time = "2026-07-08T05:46:58.716Z" }
wheels = [
    { url = "https://files.pythonhosted.org/packages/60/02/be4a57b60c7149b55b9e3b3c13f609cd8eb5307c751f22bd8fb8d262e75b/filelock-3.29.7-py3-none-any.whl", hash = "sha256:987db6f789a3a2a59f55081801b2b3697cb97e2a736b5f1a9e99b559285fbc51", size = 46036, upload-time = "2026-07-08T05:46:57.53Z" },
]

[[package]]
name = "h11"
version = "0.16.0"
source = { registry = "https://pypi.org/simple" }
sdist = { url = "https://files.pythonhosted.org/packages/01/ee/02a2c011bdab74c6fb3c75474d40b3052059d95df7e73351460c8588d963/h11-0.16.0.tar.gz", hash = "sha256:4e35b956cf45792e4caa5885e69fba00bdbc6ffafbfa020300e549b208ee5ff1", size = 101250, upload-time = "2025-04-24T03:35:25.427Z" }
wheels = [
    { url = "https://files.pythonhosted.org/packages/04/4b/29cac41a4d98d144bf5f6d33995617b185d14b22401f75ca86f384e87ff1/h11-0.16.0-py3-none-any.whl", hash = "sha256:63cf8bbe7522de3bf65932fda1d9c2772064ffb3dae62d55932da54b31cb6c86", size = 37515, upload-time = "2025-04-24T03:35:24.344Z" },
]

[[package]]
name = "httpcore"
version = "1.0.9"
source = { registry = "https://pypi.org/simple" }
dependencies = [
    { name = "certifi" },
    { name = "h11" },
]
sdist = { url = "https://files.pythonhosted.org/packages/06/94/82699a10bca87a5556c9c59b5963f2d039dbd239f25bc2a63907a05a14cb/httpcore-1.0.9.tar.gz", hash = "sha256:6e34463af53fd2ab5d807f399a9b45ea31c3dfa2276f15a2c3f00afff6e176e8", size = 85484, upload-time = "2025-04-24T22:06:22.219Z" }
wheels = [
    { url = "https://files.pythonhosted.org/packages/7e/f5/f66802a942d491edb555dd61e3a9961140fd64c90bce1eafd741609d334d/httpcore-1.0.9-py3-none-any.whl", hash = "sha256:2d400746a40668fc9dec9810239072b40b4484b640a8c38fd654a024c7a1bf55", size = 78784, upload-time = "2025-04-24T22:06:20.566Z" },
]

[[package]]
name = "httpx"
version = "0.28.1"
source = { registry = "https://pypi.org/simple" }
dependencies = [
    { name = "anyio" },
    { name = "certifi" },
    { name = "httpcore" },
    { name = "idna" },
]
sdist = { url = "https://files.pythonhosted.org/packages/b1/df/48c586a5fe32a0f01324ee087459e112ebb7224f646c0b5023f5e79e9956/httpx-0.28.1.tar.gz", hash = "sha256:75e98c5f16b0f35b567856f597f06ff2270a374470a5c2392242528e3e3e42fc", size = 141406, upload-time = "2024-12-06T15:37:23.222Z" }
wheels = [
    { url = "https://files.pythonhosted.org/packages/2a/39/e50c7c3a983047577ee07d2a9e53faf5a69493943ec3f6a384bdc792deb2/httpx-0.28.1-py3-none-any.whl", hash = "sha256:d909fcccc110f8c7faf814ca82a9a4d816bc5a6dbfea25d6591d6985b8ba59ad", size = 73517, upload-time = "2024-12-06T15:37:21.509Z" },
]

[[package]]
name = "idna"
version = "3.18"
source = { registry = "https://pypi.org/simple" }
sdist = { url = "https://files.pythonhosted.org/packages/cd/63/9496c57188a2ee585e0f1db071d75089a11e98aa86eb99d9d7618fc1edce/idna-3.18.tar.gz", hash = "sha256:ffb385a7e039654cef1ab9ef32c6fafe283c0c0467bba1d9029738ce4a14a848", size = 196711, upload-time = "2026-06-02T14:34:07.794Z" }
wheels = [
    { url = "https://files.pythonhosted.org/packages/1e/5e/d4e9f1a599fb8e573b7b87160658329fbf28d19eac2718f51fc3def3aa5a/idna-3.18-py3-none-any.whl", hash = "sha256:7f952cbe720b688055e3f87de14f5c3e5fdaa8bc3928985c4077ca689de849a2", size = 65455, upload-time = "2026-06-02T14:34:06.319Z" },
]

[[package]]
name = "requests"
version = "2.34.2"
source = { registry = "https://pypi.org/simple" }
dependencies = [
    { name = "certifi" },
    { name = "charset-normalizer" },
    { name = "idna" },
    { name = "urllib3" },
]
sdist = { url = "https://files.pythonhosted.org/packages/ac/c3/e2a2b89f2d3e2179abd6d00ebd70bff6273f37fb3e0cc209f48b39d00cbf/requests-2.34.2.tar.gz", hash = "sha256:f288924cae4e29463698d6d60bc6a4da69c89185ad1e0bcc4104f584e960b9ed", size = 142856, upload-time = "2026-05-14T19:25:27.735Z" }
wheels = [
    { url = "https://files.pythonhosted.org/packages/a0/f4/c67b0b3f1b9245e8d266f0f112c500d50e5b4e83cb6f3b71b6528104182a/requests-2.34.2-py3-none-any.whl", hash = "sha256:2a0d60c172f83ac6ab31e4554906c0f3b3588d37b5cb939b1c061f4907e278e0", size = 73075, upload-time = "2026-05-14T19:25:26.443Z" },
]

[[package]]
name = "requests-file"
version = "3.0.1"
source = { registry = "https://pypi.org/simple" }
dependencies = [
    { name = "requests" },
]
sdist = { url = "https://files.pythonhosted.org/packages/3c/f8/5dc70102e4d337063452c82e1f0d95e39abfe67aa222ed8a5ddeb9df8de8/requests_file-3.0.1.tar.gz", hash = "sha256:f14243d7796c588f3521bd423c5dea2ee4cc730e54a3cac9574d78aca1272576", size = 6967, upload-time = "2025-10-20T18:56:42.279Z" }
wheels = [
    { url = "https://files.pythonhosted.org/packages/e1/d5/de8f089119205a09da657ed4784c584ede8381a0ce6821212a6d4ca47054/requests_file-3.0.1-py2.py3-none-any.whl", hash = "sha256:d0f5eb94353986d998f80ac63c7f146a307728be051d4d1cd390dbdb59c10fa2", size = 4514, upload-time = "2025-10-20T18:56:41.184Z" },
]

[[package]]
name = "ruff"
version = "0.15.21"
source = { registry = "https://pypi.org/simple" }
sdist = { url = "https://files.pythonhosted.org/packages/0f/36/6f65aa9989acdec45d417192d8f4e7921931d8a6cf87ac74bce3eed98a8e/ruff-0.15.21.tar.gz", hash = "sha256:d0cfc841c572283c36548f82664a54ce6565567f1b0d5b4cf2caac693d8b7500", size = 4769401, upload-time = "2026-07-09T20:01:34.005Z" }
wheels = [
    { url = "https://files.pythonhosted.org/packages/d0/c6/ede15cac6839f3dbce52565c8f5164a8210e669c7bc4decb03e5bdf47d0d/ruff-0.15.21-py3-none-linux_armv6l.whl", hash = "sha256:63ea0e965e5d73c90e95b2434beeafc70820536717f561b32ab6e777cb9bdf5d", size = 10854342, upload-time = "2026-07-09T20:00:53.998Z" },
    { url = "https://files.pythonhosted.org/packages/28/9d/d825b07ee7ea9e2d61df92a860033c94e06e7300d50a1c2653aac27d24fe/ruff-0.15.21-py3-none-macosx_10_12_x86_64.whl", hash = "sha256:0f212c5d7d54c01bbfe6dcab02b724a39300f3e34ed7acbe995ccb320a2c58bd", size = 11139539, upload-time = "2026-07-09T20:00:57.809Z" },
    { url = "https://files.pythonhosted.org/packages/f5/de/3b107712e642f063c7a9e0887c427b22cb44097de5aab36c05f2e280670c/ruff-0.15.21-py3-none-macosx_11_0_arm64.whl", hash = "sha256:e6312e41bc96791299614995ea3a977c5857c3b5662b1ecef6755b02b87cb646", size = 10595437, upload-time = "2026-07-09T20:01:00.006Z" },
    { url = "https://files.pythonhosted.org/packages/9a/6f/b4523cc90ba239ede441447a19d0c968846a3012e5a0b0c5b62831a3d5e3/ruff-0.15.21-py3-none-manylinux_2_17_aarch64.manylinux2014_aarch64.whl", hash = "sha256:01d65b4831c6b2a4ba8ee6faa84049d44d982b7a706e622c4094c509e51673be", size = 10990053, upload-time = "2026-07-09T20:01:02.187Z" },
    { url = "https://files.pythonhosted.org/packages/92/cc/c6a9872a5375f0628875481cf2f66b13d7d865bf3ca2e57f91c7e762d976/ruff-0.15.21-py3-none-manylinux_2_17_armv7l.manylinux2014_armv7l.whl", hash = "sha256:2c5a913a589120ce67933d5d05fd6ddbcc2481c6a054980ee767f7414c72b4fd", size = 10666096, upload-time = "2026-07-09T20:01:04.299Z" },
    { url = "https://files.pythonhosted.org/packages/ab/97/c621f7a17e097f1790fa3af6374138823b330b2d03fc38337945daca212c/ruff-0.15.21-py3-none-manylinux_2_17_i686.manylinux2014_i686.whl", hash = "sha256:5ef04b681d02ad4dc9620f00f83ac5c22f652d0e9a9cfe431d219b16ad5ccc41", size = 11537011, upload-time = "2026-07-09T20:01:06.771Z" },
    { url = "https://files.pythonhosted.org/packages/ea/51/d928727e476e25ccc57c6f449ffd80241a651a973ad949d39cfb2a771d28/ruff-0.15.21-py3-none-manylinux_2_17_ppc64le.manylinux2014_ppc64le.whl", hash = "sha256:16d090c0740916594157e75b80d666eab8e78083b39b3b0e1d698f4670a17b86", size = 12347101, upload-time = "2026-07-09T20:01:08.859Z" },
    { url = "https://files.pythonhosted.org/packages/1e/88/8cd62026802b16018ad06931d87997cf795ba2a6239ab659606c87d96bf0/ruff-0.15.21-py3-none-manylinux_2_17_s390x.manylinux2014_s390x.whl", hash = "sha256:3a10e74757dd65004d779b73e2f3c5210156d9980b41224d50d2ebcf1db51e67", size = 11572001, upload-time = "2026-07-09T20:01:11.092Z" },
    { url = "https://files.pythonhosted.org/packages/b2/97/f63084cf55444fc110e8cb985ebfcc592af47f597d44453d778cb81bc156/ruff-0.15.21-py3-none-manylinux_2_17_x86_64.manylinux2014_x86_64.whl", hash = "sha256:bab0905d2f29e0d9fbc3c373ed23db0095edaa3f71f1f4f519ec15134d9e85c8", size = 11549239, upload-time = "2026-07-09T20:01:13.27Z" },
    { url = "https://files.pythonhosted.org/packages/9d/77/f107da4a2874b7715914b03f09ba9c54424de3ff8a1cc5d015d3ee2ce0ac/ruff-0.15.21-py3-none-manylinux_2_31_riscv64.whl", hash = "sha256:00eca240af5789fec6fe7df74c088cc1f9644ed83027113468efba7c92b94075", size = 11535340, upload-time = "2026-07-09T20:01:15.206Z" },
    { url = "https://files.pythonhosted.org/packages/d5/e9/601deb322d3303a7bf212b0100ead6f2ee3f6a044d89c30f2f92bf83c731/ruff-0.15.21-py3-none-musllinux_1_2_aarch64.whl", hash = "sha256:262ab31557a75141325e32d3357f3597645a7f084e732b6b054dde428ecd9341", size = 10964048, upload-time = "2026-07-09T20:01:17.723Z" },
    { url = "https://files.pythonhosted.org/packages/ea/2e/0f2176d1e99c15192caea19c8c3a0a955246b4cb4de795042eeb616345cd/ruff-0.15.21-py3-none-musllinux_1_2_armv7l.whl", hash = "sha256:659c4e7a4212f83306045ec7c5e5a356d16d9a6ef4ae0c7a4d872914fc655d9d", size = 10667055, upload-time = "2026-07-09T20:01:19.73Z" },
    { url = "https://files.pythonhosted.org/packages/48/60/abd74a02e0c4214f12a68becfd30af7165cfdcb0e661ecdc60bbb949c09a/ruff-0.15.21-py3-none-musllinux_1_2_i686.whl", hash = "sha256:9e866eab611a5f959d36df2d10e446973a3610bc42b0c15b31dc27977d59c233", size = 11242043, upload-time = "2026-07-09T20:01:21.947Z" },
    { url = "https://files.pythonhosted.org/packages/b2/c6/583075d8ccabb4b229345edcaf1545eb3d8d6be90f686a479d7e94088bbf/ruff-0.15.21-py3-none-musllinux_1_2_x86_64.whl", hash = "sha256:e89bc93c0d3803ba870b55c29671bad9dc6d94bb1eb181b056b52eb05b52854f", size = 11648064, upload-time = "2026-07-09T20:01:24.023Z" },
    { url = "https://files.pythonhosted.org/packages/3a/3c/37d0ecb729a7cc2d393ea7dce316fc585680f35d93b8d62139d7d0a3700c/ruff-0.15.21-py3-none-win32.whl", hash = "sha256:01f8d5be84823c172b389e123174f781f9daf86d6c58719d603f941932195cdd", size = 10896555, upload-time = "2026-07-09T20:01:26.941Z" },
    { url = "https://files.pythonhosted.org/packages/c0/b8/e43466b2a6067ce91e669068f6e28d6c719a920f014b070d5c8731725de3/ruff-0.15.21-py3-none-win_amd64.whl", hash = "sha256:d4b8d9a2f0f12b816b50447f6eccb9f4bb01a6b82c86b50fb3b5354b458dc6d3", size = 12038772, upload-time = "2026-07-09T20:01:29.497Z" },
    { url = "https://files.pythonhosted.org/packages/dd/75/e90ab9aeece218a9fc5a5bc3ec97d0ee6bb3c4ff95869463c1de58e29a1c/ruff-0.15.21-py3-none-win_arm64.whl", hash = "sha256:6e83115d4b9377c1cbc13abf0e051f069fab0ef815ea0504a8a008cee24dd0a8", size = 11375265, upload-time = "2026-07-09T20:01:31.772Z" },
]

[[package]]
name = "tldextract"
version = "5.3.1"
source = { registry = "https://pypi.org/simple" }
dependencies = [
    { name = "filelock" },
    { name = "idna" },
    { name = "requests" },
    { name = "requests-file" },
]
sdist = { url = "https://files.pythonhosted.org/packages/65/7b/644fbbb49564a6cb124a8582013315a41148dba2f72209bba14a84242bf0/tldextract-5.3.1.tar.gz", hash = "sha256:a72756ca170b2510315076383ea2993478f7da6f897eef1f4a5400735d5057fb", size = 126105, upload-time = "2025-12-28T23:58:05.532Z" }
wheels = [
    { url = "https://files.pythonhosted.org/packages/6d/42/0e49d6d0aac449ca71952ec5bae764af009754fcb2e76a5cc097543747b3/tldextract-5.3.1-py3-none-any.whl", hash = "sha256:6bfe36d518de569c572062b788e16a659ccaceffc486d243af0484e8ecf432d9", size = 105886, upload-time = "2025-12-28T23:58:04.071Z" },
]

[[package]]
name = "tqdm"
version = "4.68.4"
source = { registry = "https://pypi.org/simple" }
dependencies = [
    { name = "colorama", marker = "sys_platform == 'win32'" },
]
sdist = { url = "https://files.pythonhosted.org/packages/ae/5f/57ff8b434839e70dab45601284ea413e947a63799891b7553e5960a793a8/tqdm-4.68.4.tar.gz", hash = "sha256:19829c9673638f2a0b8617da4cdcb927e831cd88bcfcb6e78d42a4d1af131520", size = 792418, upload-time = "2026-07-07T09:58:18.369Z" }
wheels = [
    { url = "https://files.pythonhosted.org/packages/22/2a/5e5e750890ada51017d18d0d4c30da696e5b5bd3180947729927628fc3cb/tqdm-4.68.4-py3-none-any.whl", hash = "sha256:5168118b2368f48c561afda8020fd79195b1bdb0bdf8086b88442c267a315dc2", size = 676612, upload-time = "2026-07-07T09:58:16.256Z" },
]

[[package]]
name = "urllib3"
version = "2.7.0"
source = { registry = "https://pypi.org/simple" }
sdist = { url = "https://files.pythonhosted.org/packages/53/0c/06f8b233b8fd13b9e5ee11424ef85419ba0d8ba0b3138bf360be2ff56953/urllib3-2.7.0.tar.gz", hash = "sha256:231e0ec3b63ceb14667c67be60f2f2c40a518cb38b03af60abc813da26505f4c", size = 433602, upload-time = "2026-05-07T16:13:18.596Z" }
wheels = [
    { url = "https://files.pythonhosted.org/packages/7f/3e/5db95bcf282c52709639744ca2a8b149baccf648e39c8cc87553df9eae0c/urllib3-2.7.0-py3-none-any.whl", hash = "sha256:9fb4c81ebbb1ce9531cce37674bbc6f1360472bc18ca9a553ede278ef7276897", size = 131087, upload-time = "2026-05-07T16:13:17.151Z" },
]

[[package]]
name = "usom-blocklists"
version = "0.0.1"
source = { virtual = "." }
dependencies = [
    { name = "aiofiles" },
    { name = "httpx" },
    { name = "tldextract" },
    { name = "tqdm" },
]

[package.dev-dependencies]
dev = [
    { name = "ruff" },
]

[package.metadata]
requires-dist = [
    { name = "aiofiles", specifier = "==25.1.0" },
    { name = "httpx", specifier = "==0.28.1" },
    { name = "tldextract", specifier = "==5.3.1" },
    { name = "tqdm", specifier = "==4.68.4" },
]

[package.metadata.requires-dev]
dev = [{ name = "ruff", specifier = "==0.15.21" }]
